// !$*UTF8*$!
{
	archiveVersion = 1;
	classes = {
	};
	objectVersion = 52;
	objects = {

/* Begin PBXBuildFile section */
		23BAB49D2252D77E00D8E91D /* AppDelegate.swift in Sources */ = {isa = PBXBuildFile; fileRef = 23BAB49C2252D77E00D8E91D /* AppDelegate.swift */; };
		23BAB49F2252D77E00D8E91D /* RemindersTableViewController.swift in Sources */ = {isa = PBXBuildFile; fileRef = 23BAB49E2252D77E00D8E91D /* RemindersTableViewController.swift */; };
		23BAB4A12252D77E00D8E91D /* UsersTableViewController.swift in Sources */ = {isa = PBXBuildFile; fileRef = 23BAB4A02252D77E00D8E91D /* UsersTableViewController.swift */; };
		23BAB4A42252D77E00D8E91D /* Main.storyboard in Resources */ = {isa = PBXBuildFile; fileRef = 23BAB4A22252D77E00D8E91D /* Main.storyboard */; };
		23BAB4A62252D77F00D8E91D /* Assets.xcassets in Resources */ = {isa = PBXBuildFile; fileRef = 23BAB4A52252D77F00D8E91D /* Assets.xcassets */; };
		23BAB4A92252D77F00D8E91D /* LaunchScreen.storyboard in Resources */ = {isa = PBXBuildFile; fileRef = 23BAB4A72252D77F00D8E91D /* LaunchScreen.storyboard */; };
		23BAB6D82252E03700D8E91D /* ResourceRequests.swift in Sources */ = {isa = PBXBuildFile; fileRef = 23BAB6D72252E03700D8E91D /* ResourceRequests.swift */; };
		23BAB6E02252E63800D8E91D /* ErrorPresenter.swift in Sources */ = {isa = PBXBuildFile; fileRef = 23BAB6DF2252E63800D8E91D /* ErrorPresenter.swift */; };
		23BAB6E2225353C300D8E91D /* UsersDetailTableViewController.swift in Sources */ = {isa = PBXBuildFile; fileRef = 23BAB6E1225353C300D8E91D /* UsersDetailTableViewController.swift */; };
		23D3D9B825F981E8009A1EBD /* RemindersCore in Frameworks */ = {isa = PBXBuildFile; productRef = 23D3D9B725F981E8009A1EBD /* RemindersCore */; };
/* End PBXBuildFile section */

/* Begin PBXFileReference section */
		23BAB4992252D77E00D8E91D /* RemindersiOS.app */ = {isa = PBXFileReference; explicitFileType = wrapper.application; includeInIndex = 0; path = RemindersiOS.app; sourceTree = BUILT_PRODUCTS_DIR; };
		23BAB49C2252D77E00D8E91D /* AppDelegate.swift */ = {isa = PBXFileReference; lastKnownFileType = sourcecode.swift; path = AppDelegate.swift; sourceTree = "<group>"; };
		23BAB49E2252D77E00D8E91D /* RemindersTableViewController.swift */ = {isa = PBXFileReference; lastKnownFileType = sourcecode.swift; path = RemindersTableViewController.swift; sourceTree = "<group>"; };
		23BAB4A02252D77E00D8E91D /* UsersTableViewController.swift */ = {isa = PBXFileReference; lastKnownFileType = sourcecode.swift; path = UsersTableViewController.swift; sourceTree = "<group>"; };
		23BAB4A32252D77E00D8E91D /* Base */ = {isa = PBXFileReference; lastKnownFileType = file.storyboard; name = Base; path = Base.lproj/Main.storyboard; sourceTree = "<group>"; };
		23BAB4A52252D77F00D8E91D /* Assets.xcassets */ = {isa = PBXFileReference; lastKnownFileType = folder.assetcatalog; path = Assets.xcassets; sourceTree = "<group>"; };
		23BAB4A82252D77F00D8E91D /* Base */ = {isa = PBXFileReference; lastKnownFileType = file.storyboard; name = Base; path = Base.lproj/LaunchScreen.storyboard; sourceTree = "<group>"; };
		23BAB4AA2252D77F00D8E91D /* Info.plist */ = {isa = PBXFileReference; lastKnownFileType = text.plist.xml; path = Info.plist; sourceTree = "<group>"; };
		23BAB6D72252E03700D8E91D /* ResourceRequests.swift */ = {isa = PBXFileReference; lastKnownFileType = sourcecode.swift; path = ResourceRequests.swift; sourceTree = "<group>"; };
		23BAB6DF2252E63800D8E91D /* ErrorPresenter.swift */ = {isa = PBXFileReference; lastKnownFileType = sourcecode.swift; path = ErrorPresenter.swift; sourceTree = "<group>"; };
		23BAB6E1225353C300D8E91D /* UsersDetailTableViewController.swift */ = {isa = PBXFileReference; lastKnownFileType = sourcecode.swift; path = UsersDetailTableViewController.swift; sourceTree = "<group>"; };
		23D3D9B325F981D3009A1EBD /* RemindersCore */ = {isa = PBXFileReference; lastKnownFileType = folder; name = RemindersCore; path = ../../RemindersCore; sourceTree = "<group>"; };
/* End PBXFileReference section */

/* Begin PBXFrameworksBuildPhase section */
		23BAB4962252D77E00D8E91D /* Frameworks */ = {
			isa = PBXFrameworksBuildPhase;
			buildActionMask = 2147483647;
			files = (
				23D3D9B825F981E8009A1EBD /* RemindersCore in Frameworks */,
			);
			runOnlyForDeploymentPostprocessing = 0;
		};
/* End PBXFrameworksBuildPhase section */

/* Begin PBXGroup section */
		23BAB4902252D77E00D8E91D = {
			isa = PBXGroup;
			children = (
				23BAB49B2252D77E00D8E91D /* RemindersiOS */,
				23BAB49A2252D77E00D8E91D /* Products */,
				23D3D9B625F981E8009A1EBD /* Frameworks */,
			);
			sourceTree = "<group>";
		};
		23BAB49A2252D77E00D8E91D /* Products */ = {
			isa = PBXGroup;
			children = (
				23BAB4992252D77E00D8E91D /* RemindersiOS.app */,
			);
			name = Products;
			sourceTree = "<group>";
		};
		23BAB49B2252D77E00D8E91D /* RemindersiOS */ = {
			isa = PBXGroup;
			children = (
				23D3D9B325F981D3009A1EBD /* RemindersCore */,
				23BAB49C2252D77E00D8E91D /* AppDelegate.swift */,
				23BAB49E2252D77E00D8E91D /* RemindersTableViewController.swift */,
				23BAB4A02252D77E00D8E91D /* UsersTableViewController.swift */,
				23BAB4A22252D77E00D8E91D /* Main.storyboard */,
				23BAB4A52252D77F00D8E91D /* Assets.xcassets */,
				23BAB4A72252D77F00D8E91D /* LaunchScreen.storyboard */,
				23BAB4AA2252D77F00D8E91D /* Info.plist */,
				23BAB6D72252E03700D8E91D /* ResourceRequests.swift */,
				23BAB6DF2252E63800D8E91D /* ErrorPresenter.swift */,
				23BAB6E1225353C300D8E91D /* UsersDetailTableViewController.swift */,
			);
			path = RemindersiOS;
			sourceTree = "<group>";
		};
		23D3D9B625F981E8009A1EBD /* Frameworks */ = {
			isa = PBXGroup;
			children = (
			);
			name = Frameworks;
			sourceTree = "<group>";
		};
/* End PBXGroup section */

/* Begin PBXNativeTarget section */
		23BAB4982252D77E00D8E91D /* RemindersiOS */ = {
			isa = PBXNativeTarget;
			buildConfigurationList = 23BAB4AD2252D77F00D8E91D /* Build configuration list for PBXNativeTarget "RemindersiOS" */;
			buildPhases = (
				23BAB4952252D77E00D8E91D /* Sources */,
				23BAB4962252D77E00D8E91D /* Frameworks */,
				23BAB4972252D77E00D8E91D /* Resources */,
			);
			buildRules = (
			);
			dependencies = (
			);
			name = RemindersiOS;
			packageProductDependencies = (
				23D3D9B725F981E8009A1EBD /* RemindersCore */,
			);
			productName = RemindersiOS;
			productReference = 23BAB4992252D77E00D8E91D /* RemindersiOS.app */;
			productType = "com.apple.product-type.application";
		};
/* End PBXNativeTarget section */

/* Begin PBXProject section */
		23BAB4912252D77E00D8E91D /* Project object */ = {
			isa = PBXProject;
			attributes = {
				LastSwiftUpdateCheck = 1020;
				LastUpgradeCheck = 1240;
				ORGANIZATIONNAME = "Tim Condon";
				TargetAttributes = {
					23BAB4982252D77E00D8E91D = {
						CreatedOnToolsVersion = 10.2;
					};
				};
			};
			buildConfigurationList = 23BAB4942252D77E00D8E91D /* Build configuration list for PBXProject "RemindersiOS" */;
			compatibilityVersion = "Xcode 9.3";
			developmentRegion = en;
			hasScannedForEncodings = 0;
			knownRegions = (
				en,
				Base,
			);
			mainGroup = 23BAB4902252D77E00D8E91D;
			productRefGroup = 23BAB49A2252D77E00D8E91D /* Products */;
			projectDirPath = "";
			projectRoot = "";
			targets = (
				23BAB4982252D77E00D8E91D /* RemindersiOS */,
			);
		};
/* End PBXProject section */

/* Begin PBXResourcesBuildPhase section */
		23BAB4972252D77E00D8E91D /* Resources */ = {
			isa = PBXResourcesBuildPhase;
			buildActionMask = 2147483647;
			files = (
				23BAB4A92252D77F00D8E91D /* LaunchScreen.storyboard in Resources */,
				23BAB4A62252D77F00D8E91D /* Assets.xcassets in Resources */,
				23BAB4A42252D77E00D8E91D /* Main.storyboard in Resources */,
			);
			runOnlyForDeploymentPostprocessing = 0;
		};
/* End PBXResourcesBuildPhase section */

/* Begin PBXSourcesBuildPhase section */
		23BAB4952252D77E00D8E91D /* Sources */ = {
			isa = PBXSourcesBuildPhase;
			buildActionMask = 2147483647;
			files = (
				23BAB4A12252D77E00D8E91D /* UsersTableViewController.swift in Sources */,
				23BAB6E2225353C300D8E91D /* UsersDetailTableViewController.swift in Sources */,
				23BAB6E02252E63800D8E91D /* ErrorPresenter.swift in Sources */,
				23BAB6D82252E03700D8E91D /* ResourceRequests.swift in Sources */,
				23BAB49D2252D77E00D8E91D /* AppDelegate.swift in Sources */,
				23BAB49F2252D77E00D8E91D /* RemindersTableViewController.swift in Sources */,
			);
			runOnlyForDeploymentPostprocessing = 0;
		};
/* End PBXSourcesBuildPhase section */

/* Begin PBXVariantGroup section */
		23BAB4A22252D77E00D8E91D /* Main.storyboard */ = {
			isa = PBXVariantGroup;
			children = (
				23BAB4A32252D77E00D8E91D /* Base */,
			);
			name = Main.storyboard;
			sourceTree = "<group>";
		};
		23BAB4A72252D77F00D8E91D /* LaunchScreen.storyboard */ = {
			isa = PBXVariantGroup;
			children = (
				23BAB4A82252D77F00D8E91D /* Base */,
			);
			name = LaunchScreen.storyboard;
			sourceTree = "<group>";
		};
/* End PBXVariantGroup section */

/* Begin XCBuildConfiguration section */
		23BAB4AB2252D77F00D8E91D /* Debug */ = {
			isa = XCBuildConfiguration;
			buildSettings = {
				ALWAYS_SEARCH_USER_PATHS = NO;
				CLANG_ANALYZER_NONNULL = YES;
				CLANG_ANALYZER_NUMBER_OBJECT_CONVERSION = YES_AGGRESSIVE;
				CLANG_CXX_LANGUAGE_STANDARD = "gnu++14";
				CLANG_CXX_LIBRARY = "libc++";
				CLANG_ENABLE_MODULES = YES;
				CLANG_ENABLE_OBJC_ARC = YES;
				CLANG_ENABLE_OBJC_WEAK = YES;
				CLANG_WARN_BLOCK_CAPTURE_AUTORELEASING = YES;
				CLANG_WARN_BOOL_CONVERSION = YES;
				CLANG_WARN_COMMA = YES;
				CLANG_WARN_CONSTANT_CONVERSION = YES;
				CLANG_WARN_DEPRECATED_OBJC_IMPLEMENTATIONS = YES;
				CLANG_WARN_DIRECT_OBJC_ISA_USAGE = YES_ERROR;
				CLANG_WARN_DOCUMENTATION_COMMENTS = YES;
				CLANG_WARN_EMPTY_BODY = YES;
				CLANG_WARN_ENUM_CONVERSION = YES;
				CLANG_WARN_INFINITE_RECURSION = YES;
				CLANG_WARN_INT_CONVERSION = YES;
				CLANG_WARN_NON_LITERAL_NULL_CONVERSION = YES;
				CLANG_WARN_OBJC_IMPLICIT_RETAIN_SELF = YES;
				CLANG_WARN_OBJC_LITERAL_CONVERSION = YES;
				CLANG_WARN_OBJC_ROOT_CLASS = YES_ERROR;
				CLANG_WARN_QUOTED_INCLUDE_IN_FRAMEWORK_HEADER = YES;
				CLANG_WARN_RANGE_LOOP_ANALYSIS = YES;
				CLANG_WARN_STRICT_PROTOTYPES = YES;
				CLANG_WARN_SUSPICIOUS_MOVE = YES;
				CLANG_WARN_UNGUARDED_AVAILABILITY = YES_AGGRESSIVE;
				CLANG_WARN_UNREACHABLE_CODE = YES;
				CLANG_WARN__DUPLICATE_METHOD_MATCH = YES;
				CODE_SIGN_IDENTITY = "iPhone Developer";
				COPY_PHASE_STRIP = NO;
				DEBUG_INFORMATION_FORMAT = dwarf;
				ENABLE_STRICT_OBJC_MSGSEND = YES;
				ENABLE_TESTABILITY = YES;
				GCC_C_LANGUAGE_STANDARD = gnu11;
				GCC_DYNAMIC_NO_PIC = NO;
				GCC_NO_COMMON_BLOCKS = YES;
				GCC_OPTIMIZATION_LEVEL = 0;
				GCC_PREPROCESSOR_DEFINITIONS = (
					"DEBUG=1",
					"$(inherited)",
				);
				GCC_WARN_64_TO_32_BIT_CONVERSION = YES;
				GCC_WARN_ABOUT_RETURN_TYPE = YES_ERROR;
				GCC_WARN_UNDECLARED_SELECTOR = YES;
				GCC_WARN_UNINITIALIZED_AUTOS = YES_AGGRESSIVE;
				GCC_WARN_UNUSED_FUNCTION = YES;
				GCC_WARN_UNUSED_VARIABLE = YES;
				IPHONEOS_DEPLOYMENT_TARGET = 14.4;
				MTL_ENABLE_DEBUG_INFO = INCLUDE_SOURCE;
				MTL_FAST_MATH = YES;
				ONLY_ACTIVE_ARCH = YES;
				SDKROOT = iphoneos;
				SWIFT_ACTIVE_COMPILATION_CONDITIONS = DEBUG;
				SWIFT_OPTIMIZATION_LEVEL = "-Onone";
			};
			name = Debug;
		};
		23BAB4AC2252D77F00D8E91D /* Release */ = {
			isa = XCBuildConfiguration;
			buildSettings = {
				ALWAYS_SEARCH_USER_PATHS = NO;
				CLANG_ANALYZER_NONNULL = YES;
				CLANG_ANALYZER_NUMBER_OBJECT_CONVERSION = YES_AGGRESSIVE;
				CLANG_CXX_LANGUAGE_STANDARD = "gnu++14";
				CLANG_CXX_LIBRARY = "libc++";
				CLANG_ENABLE_MODULES = YES;
				CLANG_ENABLE_OBJC_ARC = YES;
				CLANG_ENABLE_OBJC_WEAK = YES;
				CLANG_WARN_BLOCK_CAPTURE_AUTORELEASING = YES;
				CLANG_WARN_BOOL_CONVERSION = YES;
				CLANG_WARN_COMMA = YES;
				CLANG_WARN_CONSTANT_CONVERSION = YES;
				CLANG_WARN_DEPRECATED_OBJC_IMPLEMENTATIONS = YES;
				CLANG_WARN_DIRECT_OBJC_ISA_USAGE = YES_ERROR;
				CLANG_WARN_DOCUMENTATION_COMMENTS = YES;
				CLANG_WARN_EMPTY_BODY = YES;
				CLANG_WARN_ENUM_CONVERSION = YES;
				CLANG_WARN_INFINITE_RECURSION = YES;
				CLANG_WARN_INT_CONVERSION = YES;
				CLANG_WARN_NON_LITERAL_NULL_CONVERSION = YES;
				CLANG_WARN_OBJC_IMPLICIT_RETAIN_SELF = YES;
				CLANG_WARN_OBJC_LITERAL_CONVERSION = YES;
				CLANG_WARN_OBJC_ROOT_CLASS = YES_ERROR;
				CLANG_WARN_QUOTED_INCLUDE_IN_FRAMEWORK_HEADER = YES;
				CLANG_WARN_RANGE_LOOP_ANALYSIS = YES;
				CLANG_WARN_STRICT_PROTOTYPES = YES;
				CLANG_WARN_SUSPICIOUS_MOVE = YES;
				CLANG_WARN_UNGUARDED_AVAILABILITY = YES_AGGRESSIVE;
				CLANG_WARN_UNREACHABLE_CODE = YES;
				CLANG_WARN__DUPLICATE_METHOD_MATCH = YES;
				CODE_SIGN_IDENTITY = "iPhone Developer";
				COPY_PHASE_STRIP = NO;
				DEBUG_INFORMATION_FORMAT = "dwarf-with-dsym";
				ENABLE_NS_ASSERTIONS = NO;
				ENABLE_STRICT_OBJC_MSGSEND = YES;
				GCC_C_LANGUAGE_STANDARD = gnu11;
				GCC_NO_COMMON_BLOCKS = YES;
				GCC_WARN_64_TO_32_BIT_CONVERSION = YES;
				GCC_WARN_ABOUT_RETURN_TYPE = YES_ERROR;
				GCC_WARN_UNDECLARED_SELECTOR = YES;
				GCC_WARN_UNINITIALIZED_AUTOS = YES_AGGRESSIVE;
				GCC_WARN_UNUSED_FUNCTION = YES;
				GCC_WARN_UNUSED_VARIABLE = YES;
				IPHONEOS_DEPLOYMENT_TARGET = 14.4;
				MTL_ENABLE_DEBUG_INFO = NO;
				MTL_FAST_MATH = YES;
				SDKROOT = iphoneos;
				SWIFT_COMPILATION_MODE = wholemodule;
				SWIFT_OPTIMIZATION_LEVEL = "-O";
				VALIDATE_PRODUCT = YES;
			};
			name = Release;
		};
		23BAB4AE2252D77F00D8E91D /* Debug */ = {
			isa = XCBuildConfiguration;
			buildSettings = {
				ASSETCATALOG_COMPILER_APPICON_NAME = AppIcon;
				CODE_SIGN_STYLE = Automatic;
				DEVELOPMENT_TEAM = YWLW23LT6G;
				INFOPLIST_FILE = RemindersiOS/Info.plist;
				LD_RUNPATH_SEARCH_PATHS = (
					"$(inherited)",
					"@executable_path/Frameworks",
				);
				PRODUCT_BUNDLE_IDENTIFIER = dev.timc..RemindersiOS;
				PRODUCT_NAME = "$(TARGET_NAME)";
				SWIFT_VERSION = 5.0;
				TARGETED_DEVICE_FAMILY = "1,2";
			};
			name = Debug;
		};
		23BAB4AF2252D77F00D8E91D /* Release */ = {
			isa = XCBuildConfiguration;
			buildSettings = {
				ASSETCATALOG_COMPILER_APPICON_NAME = AppIcon;
				CODE_SIGN_STYLE = Automatic;
				DEVELOPMENT_TEAM = YWLW23LT6G;
				INFOPLIST_FILE = RemindersiOS/Info.plist;
				LD_RUNPATH_SEARCH_PATHS = (
					"$(inherited)",
					"@executable_path/Frameworks",
				);
				PRODUCT_BUNDLE_IDENTIFIER = dev.timc..RemindersiOS;
				PRODUCT_NAME = "$(TARGET_NAME)";
				SWIFT_VERSION = 5.0;
				TARGETED_DEVICE_FAMILY = "1,2";
			};
			name = Release;
		};
/* End XCBuildConfiguration section */

/* Begin XCConfigurationList section */
		23BAB4942252D77E00D8E91D /* Build configuration list for PBXProject "RemindersiOS" */ = {
			isa = XCConfigurationList;
			buildConfigurations = (
				23BAB4AB2252D77F00D8E91D /* Debug */,
				23BAB4AC2252D77F00D8E91D /* Release */,
			);
			defaultConfigurationIsVisible = 0;
			defaultConfigurationName = Release;
		};
		23BAB4AD2252D77F00D8E91D /* Build configuration list for PBXNativeTarget "RemindersiOS" */ = {
			isa = XCConfigurationList;
			buildConfigurations = (
				23BAB4AE2252D77F00D8E91D /* Debug */,
				23BAB4AF2252D77F00D8E91D /* Release */,
			);
			defaultConfigurationIsVisible = 0;
			defaultConfigurationName = Release;
		};
/* End XCConfigurationList section */

/* Begin XCSwiftPackageProductDependency section */
		23D3D9B725F981E8009A1EBD /* RemindersCore */ = {
			isa = XCSwiftPackageProductDependency;
			productName = RemindersCore;
		};
/* End XCSwiftPackageProductDependency section */
	};
	rootObject = 23BAB4912252D77E00D8E91D /* Project object */;
}
